
Microsoft Visual Studio Solution File, Format Version 12.00
# Visual Studio Version 16
VisualStudioVersion = 16.0.30804.86
MinimumVisualStudioVersion = 10.0.40219.1
Project("{FAE04EC0-301F-11D3-BF4B-00C04F79EFBC}") = "Gittie", "Gittie\Gittie.csproj", "{5B8E3695-06DE-41E5-B473-CC99B4AB90F6}"
EndProject
Global
	GlobalSection(SolutionConfigurationPlatforms) = preSolution
		Debug|Any CPU = Debug|Any CPU
		Release|Any CPU = Release|Any CPU
	EndGlobalSection
	GlobalSection(ProjectConfigurationPlatforms) = postSolution
		{5B8E3695-06DE-41E5-B473-CC99B4AB90F6}.Debug|Any CPU.ActiveCfg = Debug|Any CPU
		{5B8E3695-06DE-41E5-B473-CC99B4AB90F6}.Debug|Any CPU.Build.0 = Debug|Any CPU
		{5B8E3695-06DE-41E5-B473-CC99B4AB90F6}.Release|Any CPU.ActiveCfg = Release|Any CPU
		{5B8E3695-06DE-41E5-B473-CC99B4AB90F6}.Release|Any CPU.Build.0 = Release|Any CPU
	EndGlobalSection
	GlobalSection(SolutionProperties) = preSolution
		HideSolutionNode = FALSE
	EndGlobalSection
	GlobalSection(ExtensibilityGlobals) = postSolution
		SolutionGuid = {BDBB9010-3F07-42D4-BB0D-8EABD73B19AF}
	EndGlobalSection
EndGlobal
